// !$*UTF8*$!
{
	archiveVersion = 1;
	classes = {
	};
	objectVersion = 48;
	objects = {

/* Begin PBXBuildFile section */
		FC1B8E3B1FE4189200AF71DF /* main.cpp in Sources */ = {isa = PBXBuildFile; fileRef = FC1B8E3A1FE4189200AF71DF /* main.cpp */; };
		FC904DE31FFA7FA200AC48B1 /* TSMatrix.cpp in Sources */ = {isa = PBXBuildFile; fileRef = FC904DDF1FFA7FA200AC48B1 /* TSMatrix.cpp */; };
		FC904DE41FFA7FA200AC48B1 /* Fun.cpp in Sources */ = {isa = PBXBuildFile; fileRef = FC904DE01FFA7FA200AC48B1 /* Fun.cpp */; };
		FC904DE81FFA7FE300AC48B1 /* Menu.cpp in Sources */ = {isa = PBXBuildFile; fileRef = FC904DE61FFA7FE300AC48B1 /* Menu.cpp */; };
/* End PBXBuildFile section */

/* Begin PBXCopyFilesBuildPhase section */
		FC1B8E351FE4189200AF71DF /* CopyFiles */ = {
			isa = PBXCopyFilesBuildPhase;
			buildActionMask = 2147483647;
			dstPath = /usr/share/man/man1/;
			dstSubfolderSpec = 0;
			files = (
			);
			runOnlyForDeploymentPostprocessing = 1;
		};
/* End PBXCopyFilesBuildPhase section */

/* Begin PBXFileReference section */
		FC1B8E371FE4189200AF71DF /* Design */ = {isa = PBXFileReference; explicitFileType = "compiled.mach-o.executable"; includeInIndex = 0; path = Design; sourceTree = BUILT_PRODUCTS_DIR; };
		FC1B8E3A1FE4189200AF71DF /* main.cpp */ = {isa = PBXFileReference; lastKnownFileType = sourcecode.cpp.cpp; path = main.cpp; sourceTree = "<group>"; };
		FC1B8E411FE419E700AF71DF /* data.txt */ = {isa = PBXFileReference; fileEncoding = 4; lastKnownFileType = text; path = data.txt; sourceTree = "<group>"; };
		FC904DDE1FFA7FA200AC48B1 /* Fun.h */ = {isa = PBXFileReference; fileEncoding = 4; lastKnownFileType = sourcecode.c.h; path = Fun.h; sourceTree = "<group>"; };
		FC904DDF1FFA7FA200AC48B1 /* TSMatrix.cpp */ = {isa = PBXFileReference; fileEncoding = 4; lastKnownFileType = sourcecode.cpp.cpp; path = TSMatrix.cpp; sourceTree = "<group>"; };
		FC904DE01FFA7FA200AC48B1 /* Fun.cpp */ = {isa = PBXFileReference; fileEncoding = 4; lastKnownFileType = sourcecode.cpp.cpp; path = Fun.cpp; sourceTree = "<group>"; };
		FC904DE11FFA7FA200AC48B1 /* Triple.h */ = {isa = PBXFileReference; fileEncoding = 4; lastKnownFileType = sourcecode.c.h; path = Triple.h; sourceTree = "<group>"; };
		FC904DE21FFA7FA200AC48B1 /* TSMatrix.h */ = {isa = PBXFileReference; fileEncoding = 4; lastKnownFileType = sourcecode.c.h; path = TSMatrix.h; sourceTree = "<group>"; };
		FC904DE61FFA7FE300AC48B1 /* Menu.cpp */ = {isa = PBXFileReference; fileEncoding = 4; lastKnownFileType = sourcecode.cpp.cpp; name = Menu.cpp; path = ../../Design/Design/Menu.cpp; sourceTree = "<group>"; };
		FC904DE71FFA7FE300AC48B1 /* Menu.h */ = {isa = PBXFileReference; fileEncoding = 4; lastKnownFileType = sourcecode.c.h; name = Menu.h; path = ../../Design/Design/Menu.h; sourceTree = "<group>"; };
/* End PBXFileReference section */

/* Begin PBXFrameworksBuildPhase section */
		FC1B8E341FE4189200AF71DF /* Frameworks */ = {
			isa = PBXFrameworksBuildPhase;
			buildActionMask = 2147483647;
			files = (
			);
			runOnlyForDeploymentPostprocessing = 0;
		};
/* End PBXFrameworksBuildPhase section */

/* Begin PBXGroup section */
		FC1B8E2E1FE4189100AF71DF = {
			isa = PBXGroup;
			children = (
				FC1B8E391FE4189200AF71DF /* Design */,
				FC1B8E381FE4189200AF71DF /* Products */,
			);
			sourceTree = "<group>";
		};
		FC1B8E381FE4189200AF71DF /* Products */ = {
			isa = PBXGroup;
			children = (
				FC1B8E371FE4189200AF71DF /* Design */,
			);
			name = Products;
			sourceTree = "<group>";
		};
		FC1B8E391FE4189200AF71DF /* Design */ = {
			isa = PBXGroup;
			children = (
				FC904DE61FFA7FE300AC48B1 /* Menu.cpp */,
				FC904DE71FFA7FE300AC48B1 /* Menu.h */,
				FC904DE01FFA7FA200AC48B1 /* Fun.cpp */,
				FC904DDE1FFA7FA200AC48B1 /* Fun.h */,
				FC904DE11FFA7FA200AC48B1 /* Triple.h */,
				FC904DDF1FFA7FA200AC48B1 /* TSMatrix.cpp */,
				FC904DE21FFA7FA200AC48B1 /* TSMatrix.h */,
				FC1B8E411FE419E700AF71DF /* data.txt */,
				FC1B8E3A1FE4189200AF71DF /* main.cpp */,
			);
			path = Design;
			sourceTree = "<group>";
		};
/* End PBXGroup section */

/* Begin PBXNativeTarget section */
		FC1B8E361FE4189200AF71DF /* Design */ = {
			isa = PBXNativeTarget;
			buildConfigurationList = FC1B8E3E1FE4189200AF71DF /* Build configuration list for PBXNativeTarget "Design" */;
			buildPhases = (
				FC1B8E331FE4189200AF71DF /* Sources */,
				FC1B8E341FE4189200AF71DF /* Frameworks */,
				FC1B8E351FE4189200AF71DF /* CopyFiles */,
			);
			buildRules = (
			);
			dependencies = (
			);
			name = Design;
			productName = Design;
			productReference = FC1B8E371FE4189200AF71DF /* Design */;
			productType = "com.apple.product-type.tool";
		};
/* End PBXNativeTarget section */

/* Begin PBXProject section */
		FC1B8E2F1FE4189100AF71DF /* Project object */ = {
			isa = PBXProject;
			attributes = {
				LastUpgradeCheck = 0920;
				ORGANIZATIONNAME = Snowcying;
				TargetAttributes = {
					FC1B8E361FE4189200AF71DF = {
						CreatedOnToolsVersion = 9.2;
						ProvisioningStyle = Automatic;
					};
				};
			};
			buildConfigurationList = FC1B8E321FE4189100AF71DF /* Build configuration list for PBXProject "Design" */;
			compatibilityVersion = "Xcode 8.0";
			developmentRegion = en;
			hasScannedForEncodings = 0;
			knownRegions = (
				en,
			);
			mainGroup = FC1B8E2E1FE4189100AF71DF;
			productRefGroup = FC1B8E381FE4189200AF71DF /* Products */;
			projectDirPath = "";
			projectRoot = "";
			targets = (
				FC1B8E361FE4189200AF71DF /* Design */,
			);
		};
/* End PBXProject section */

/* Begin PBXSourcesBuildPhase section */
		FC1B8E331FE4189200AF71DF /* Sources */ = {
			isa = PBXSourcesBuildPhase;
			buildActionMask = 2147483647;
			files = (
				FC904DE41FFA7FA200AC48B1 /* Fun.cpp in Sources */,
				FC1B8E3B1FE4189200AF71DF /* main.cpp in Sources */,
				FC904DE81FFA7FE300AC48B1 /* Menu.cpp in Sources */,
				FC904DE31FFA7FA200AC48B1 /* TSMatrix.cpp in Sources */,
			);
			runOnlyForDeploymentPostprocessing = 0;
		};
/* End PBXSourcesBuildPhase section */

/* Begin XCBuildConfiguration section */
		FC1B8E3C1FE4189200AF71DF /* Debug */ = {
			isa = XCBuildConfiguration;
			buildSettings = {
				ALWAYS_SEARCH_USER_PATHS = NO;
				CLANG_ANALYZER_NONNULL = YES;
				CLANG_ANALYZER_NUMBER_OBJECT_CONVERSION = YES_AGGRESSIVE;
				CLANG_CXX_LANGUAGE_STANDARD = "gnu++14";
				CLANG_CXX_LIBRARY = "libc++";
				CLANG_ENABLE_MODULES = YES;
				CLANG_ENABLE_OBJC_ARC = YES;
				CLANG_WARN_BLOCK_CAPTURE_AUTORELEASING = YES;
				CLANG_WARN_BOOL_CONVERSION = YES;
				CLANG_WARN_COMMA = YES;
				CLANG_WARN_CONSTANT_CONVERSION = YES;
				CLANG_WARN_DIRECT_OBJC_ISA_USAGE = YES_ERROR;
				CLANG_WARN_DOCUMENTATION_COMMENTS = YES;
				CLANG_WARN_EMPTY_BODY = YES;
				CLANG_WARN_ENUM_CONVERSION = YES;
				CLANG_WARN_INFINITE_RECURSION = YES;
				CLANG_WARN_INT_CONVERSION = YES;
				CLANG_WARN_NON_LITERAL_NULL_CONVERSION = YES;
				CLANG_WARN_OBJC_LITERAL_CONVERSION = YES;
				CLANG_WARN_OBJC_ROOT_CLASS = YES_ERROR;
				CLANG_WARN_RANGE_LOOP_ANALYSIS = YES;
				CLANG_WARN_STRICT_PROTOTYPES = YES;
				CLANG_WARN_SUSPICIOUS_MOVE = YES;
				CLANG_WARN_UNGUARDED_AVAILABILITY = YES_AGGRESSIVE;
				CLANG_WARN_UNREACHABLE_CODE = YES;
				CLANG_WARN__DUPLICATE_METHOD_MATCH = YES;
				CODE_SIGN_IDENTITY = "-";
				COPY_PHASE_STRIP = NO;
				DEBUG_INFORMATION_FORMAT = dwarf;
				ENABLE_STRICT_OBJC_MSGSEND = YES;
				ENABLE_TESTABILITY = YES;
				GCC_C_LANGUAGE_STANDARD = gnu11;
				GCC_DYNAMIC_NO_PIC = NO;
				GCC_NO_COMMON_BLOCKS = YES;
				GCC_OPTIMIZATION_LEVEL = 0;
				GCC_PREPROCESSOR_DEFINITIONS = (
					"DEBUG=1",
					"$(inherited)",
				);
				GCC_WARN_64_TO_32_BIT_CONVERSION = YES;
				GCC_WARN_ABOUT_RETURN_TYPE = YES_ERROR;
				GCC_WARN_UNDECLARED_SELECTOR = YES;
				GCC_WARN_UNINITIALIZED_AUTOS = YES_AGGRESSIVE;
				GCC_WARN_UNUSED_FUNCTION = YES;
				GCC_WARN_UNUSED_VARIABLE = YES;
				MACOSX_DEPLOYMENT_TARGET = 10.13;
				MTL_ENABLE_DEBUG_INFO = YES;
				ONLY_ACTIVE_ARCH = YES;
				SDKROOT = macosx;
			};
			name = Debug;
		};
		FC1B8E3D1FE4189200AF71DF /* Release */ = {
			isa = XCBuildConfiguration;
			buildSettings = {
				ALWAYS_SEARCH_USER_PATHS = NO;
				CLANG_ANALYZER_NONNULL = YES;
				CLANG_ANALYZER_NUMBER_OBJECT_CONVERSION = YES_AGGRESSIVE;
				CLANG_CXX_LANGUAGE_STANDARD = "gnu++14";
				CLANG_CXX_LIBRARY = "libc++";
				CLANG_ENABLE_MODULES = YES;
				CLANG_ENABLE_OBJC_ARC = YES;
				CLANG_WARN_BLOCK_CAPTURE_AUTORELEASING = YES;
				CLANG_WARN_BOOL_CONVERSION = YES;
				CLANG_WARN_COMMA = YES;
				CLANG_WARN_CONSTANT_CONVERSION = YES;
				CLANG_WARN_DIRECT_OBJC_ISA_USAGE = YES_ERROR;
				CLANG_WARN_DOCUMENTATION_COMMENTS = YES;
				CLANG_WARN_EMPTY_BODY = YES;
				CLANG_WARN_ENUM_CONVERSION = YES;
				CLANG_WARN_INFINITE_RECURSION = YES;
				CLANG_WARN_INT_CONVERSION = YES;
				CLANG_WARN_NON_LITERAL_NULL_CONVERSION = YES;
				CLANG_WARN_OBJC_LITERAL_CONVERSION = YES;
				CLANG_WARN_OBJC_ROOT_CLASS = YES_ERROR;
				CLANG_WARN_RANGE_LOOP_ANALYSIS = YES;
				CLANG_WARN_STRICT_PROTOTYPES = YES;
				CLANG_WARN_SUSPICIOUS_MOVE = YES;
				CLANG_WARN_UNGUARDED_AVAILABILITY = YES_AGGRESSIVE;
				CLANG_WARN_UNREACHABLE_CODE = YES;
				CLANG_WARN__DUPLICATE_METHOD_MATCH = YES;
				CODE_SIGN_IDENTITY = "-";
				COPY_PHASE_STRIP = NO;
				DEBUG_INFORMATION_FORMAT = "dwarf-with-dsym";
				ENABLE_NS_ASSERTIONS = NO;
				ENABLE_STRICT_OBJC_MSGSEND = YES;
				GCC_C_LANGUAGE_STANDARD = gnu11;
				GCC_NO_COMMON_BLOCKS = YES;
				GCC_WARN_64_TO_32_BIT_CONVERSION = YES;
				GCC_WARN_ABOUT_RETURN_TYPE = YES_ERROR;
				GCC_WARN_UNDECLARED_SELECTOR = YES;
				GCC_WARN_UNINITIALIZED_AUTOS = YES_AGGRESSIVE;
				GCC_WARN_UNUSED_FUNCTION = YES;
				GCC_WARN_UNUSED_VARIABLE = YES;
				MACOSX_DEPLOYMENT_TARGET = 10.13;
				MTL_ENABLE_DEBUG_INFO = NO;
				SDKROOT = macosx;
			};
			name = Release;
		};
		FC1B8E3F1FE4189200AF71DF /* Debug */ = {
			isa = XCBuildConfiguration;
			buildSettings = {
				CODE_SIGN_STYLE = Automatic;
				PRODUCT_NAME = "$(TARGET_NAME)";
			};
			name = Debug;
		};
		FC1B8E401FE4189200AF71DF /* Release */ = {
			isa = XCBuildConfiguration;
			buildSettings = {
				CODE_SIGN_STYLE = Automatic;
				PRODUCT_NAME = "$(TARGET_NAME)";
			};
			name = Release;
		};
/* End XCBuildConfiguration section */

/* Begin XCConfigurationList section */
		FC1B8E321FE4189100AF71DF /* Build configuration list for PBXProject "Design" */ = {
			isa = XCConfigurationList;
			buildConfigurations = (
				FC1B8E3C1FE4189200AF71DF /* Debug */,
				FC1B8E3D1FE4189200AF71DF /* Release */,
			);
			defaultConfigurationIsVisible = 0;
			defaultConfigurationName = Release;
		};
		FC1B8E3E1FE4189200AF71DF /* Build configuration list for PBXNativeTarget "Design" */ = {
			isa = XCConfigurationList;
			buildConfigurations = (
				FC1B8E3F1FE4189200AF71DF /* Debug */,
				FC1B8E401FE4189200AF71DF /* Release */,
			);
			defaultConfigurationIsVisible = 0;
			defaultConfigurationName = Release;
		};
/* End XCConfigurationList section */
	};
	rootObject = FC1B8E2F1FE4189100AF71DF /* Project object */;
}
